
Microsoft Visual Studio Solution File, Format Version 12.00
# Visual Studio Version 17
VisualStudioVersion = 17.7.34031.279
MinimumVisualStudioVersion = 10.0.40219.1
Project("{FAE04EC0-301F-11D3-BF4B-00C04F79EFBC}") = "Prova P2", "Prova P2\Prova P2.csproj", "{C821C18F-EB7A-4F4E-936E-816052034AD4}"
EndProject
Global
	GlobalSection(SolutionConfigurationPlatforms) = preSolution
		Debug|Any CPU = Debug|Any CPU
		Release|Any CPU = Release|Any CPU
	EndGlobalSection
	GlobalSection(ProjectConfigurationPlatforms) = postSolution
		{C821C18F-EB7A-4F4E-936E-816052034AD4}.Debug|Any CPU.ActiveCfg = Debug|Any CPU
		{C821C18F-EB7A-4F4E-936E-816052034AD4}.Debug|Any CPU.Build.0 = Debug|Any CPU
		{C821C18F-EB7A-4F4E-936E-816052034AD4}.Release|Any CPU.ActiveCfg = Release|Any CPU
		{C821C18F-EB7A-4F4E-936E-816052034AD4}.Release|Any CPU.Build.0 = Release|Any CPU
	EndGlobalSection
	GlobalSection(SolutionProperties) = preSolution
		HideSolutionNode = FALSE
	EndGlobalSection
	GlobalSection(ExtensibilityGlobals) = postSolution
		SolutionGuid = {25F2481B-AD38-49B8-89C9-EAA6B37F612C}
	EndGlobalSection
EndGlobal
